{
  "name": "nha-tro",
  "version": "1.0.0",
  "lockfileVersion": 1,
  "requires": true,
  "dependencies": {
    "@iconify/react": {
      "version": "3.2.2",
      "resolved": "https://registry.npmjs.org/@iconify/react/-/react-3.2.2.tgz",
      "integrity": "sha512-z3+Jno3VcJzgNHsN5mEvYMsgCkOZkydqdIwOxjXh45+i2Vs9RGH68Y52vt39izwFSfuYUXhaW+1u7m7+IhCn/g==",
      "dev": true
    }
  }
}
